{
    "_readme": [
        "This file locks the dependencies of your project to a known state",
        "Read more about it at https://getcomposer.org/doc/01-basic-usage.md#installing-dependencies",
        "This file is @generated automatically"
    ],
    "content-hash": "1dd50986a157b63df0350f8992e87d1a",
    "packages": [
        {
            "name": "goblinsama/goblinsama-php",
            "version": "dev-master",
            "source": {
                "type": "git",
                "url": "https://bitbucket.org/goblinsama/goblinsama-php.git",
                "reference": "d4239753e6116ab3b3fc3225b6bb68d7424a022f"
            },
            "dist": {
                "type": "zip",
                "url": "https://bitbucket.org/goblinsama/goblinsama-php/get/d4239753e6116ab3b3fc3225b6bb68d7424a022f.zip",
                "reference": "d4239753e6116ab3b3fc3225b6bb68d7424a022f",
                "shasum": ""
            },
            "type": "library",
            "notification-url": "https://packagist.org/downloads/",
            "license": [
                "MS-PL"
            ],
            "authors": [
                {
                    "name": "Goblinsama Ltd.",
                    "email": "goblinsama+src@goblinsama.com",
                    "homepage": "https://goblinsama.com",
                    "role": "Developer"
                }
            ],
            "description": "A set of php classes and functions",
            "homepage": "https://bitbucket.org/goblinsama/goblinsama-php",
            "time": "2020-10-22T19:18:29+00:00"
        }
    ],
    "packages-dev": [],
    "aliases": [],
    "minimum-stability": "stable",
    "stability-flags": {
        "goblinsama/goblinsama-php": 20
    },
    "prefer-stable": false,
    "prefer-lowest": false,
    "platform": [],
    "platform-dev": [],
    "plugin-api-version": "1.1.0"
}
